
Microsoft Visual Studio Solution File, Format Version 12.00
# Visual Studio Version 17
VisualStudioVersion = 17.14.36908.2 d17.14
MinimumVisualStudioVersion = 10.0.40219.1
Project("{FAE04EC0-301F-11D3-BF4B-00C04F79EFBC}") = "PMHTest", "PMHTest\PMHTest.csproj", "{45FDB873-6598-4202-83FE-99539962411D}"
EndProject
Global
	GlobalSection(SolutionConfigurationPlatforms) = preSolution
		Debug|Any CPU = Debug|Any CPU
		Release|Any CPU = Release|Any CPU
	EndGlobalSection
	GlobalSection(ProjectConfigurationPlatforms) = postSolution
		{45FDB873-6598-4202-83FE-99539962411D}.Debug|Any CPU.ActiveCfg = Debug|Any CPU
		{45FDB873-6598-4202-83FE-99539962411D}.Debug|Any CPU.Build.0 = Debug|Any CPU
		{45FDB873-6598-4202-83FE-99539962411D}.Release|Any CPU.ActiveCfg = Release|Any CPU
		{45FDB873-6598-4202-83FE-99539962411D}.Release|Any CPU.Build.0 = Release|Any CPU
	EndGlobalSection
	GlobalSection(SolutionProperties) = preSolution
		HideSolutionNode = FALSE
	EndGlobalSection
	GlobalSection(ExtensibilityGlobals) = postSolution
		SolutionGuid = {60E0EA47-28C9-4A61-AA0A-723EC49C064D}
	EndGlobalSection
EndGlobal
